// !$*UTF8*$!
{
	archiveVersion = 1;
	classes = {
	};
	objectVersion = 56;
	objects = {

/* Begin PBXBuildFile section */
		E77CE8A62AF8111B007CF3D1 /* NetworkService.swift in Sources */ = {isa = PBXBuildFile; fileRef = E77CE8A52AF8111B007CF3D1 /* NetworkService.swift */; };
		E77CE8A82AF81124007CF3D1 /* ErrorResponse.swift in Sources */ = {isa = PBXBuildFile; fileRef = E77CE8A72AF81124007CF3D1 /* ErrorResponse.swift */; };
		E77CE8AA2AF8113E007CF3D1 /* Router.swift in Sources */ = {isa = PBXBuildFile; fileRef = E77CE8A92AF8113E007CF3D1 /* Router.swift */; };
		E77CE8AC2AF81152007CF3D1 /* JobModelApi.swift in Sources */ = {isa = PBXBuildFile; fileRef = E77CE8AB2AF81152007CF3D1 /* JobModelApi.swift */; };
		E77CE8AE2AF8115A007CF3D1 /* JobModel.swift in Sources */ = {isa = PBXBuildFile; fileRef = E77CE8AD2AF8115A007CF3D1 /* JobModel.swift */; };
		E77CE8B32AF8118C007CF3D1 /* Builder.swift in Sources */ = {isa = PBXBuildFile; fileRef = E77CE8B22AF8118C007CF3D1 /* Builder.swift */; };
		E77CE8B52AF8119D007CF3D1 /* JobViewController.swift in Sources */ = {isa = PBXBuildFile; fileRef = E77CE8B42AF8119D007CF3D1 /* JobViewController.swift */; };
		E77CE8B72AF811A5007CF3D1 /* JobCell.swift in Sources */ = {isa = PBXBuildFile; fileRef = E77CE8B62AF811A5007CF3D1 /* JobCell.swift */; };
		E77CE8B92AF811B9007CF3D1 /* JobPresenter.swift in Sources */ = {isa = PBXBuildFile; fileRef = E77CE8B82AF811B9007CF3D1 /* JobPresenter.swift */; };
		E77CE8BC2AF811DA007CF3D1 /* UIColor + Extensions.swift in Sources */ = {isa = PBXBuildFile; fileRef = E77CE8BB2AF811DA007CF3D1 /* UIColor + Extensions.swift */; };
		E77CE8BE2AF811EA007CF3D1 /* Resources.swift in Sources */ = {isa = PBXBuildFile; fileRef = E77CE8BD2AF811EA007CF3D1 /* Resources.swift */; };
		E7F547FF2AF02B7100238748 /* AppDelegate.swift in Sources */ = {isa = PBXBuildFile; fileRef = E7F547FE2AF02B7100238748 /* AppDelegate.swift */; };
		E7F548012AF02B7100238748 /* SceneDelegate.swift in Sources */ = {isa = PBXBuildFile; fileRef = E7F548002AF02B7100238748 /* SceneDelegate.swift */; };
		E7F548082AF02B7300238748 /* Assets.xcassets in Resources */ = {isa = PBXBuildFile; fileRef = E7F548072AF02B7300238748 /* Assets.xcassets */; };
		E7F5480B2AF02B7300238748 /* LaunchScreen.storyboard in Resources */ = {isa = PBXBuildFile; fileRef = E7F548092AF02B7300238748 /* LaunchScreen.storyboard */; };
/* End PBXBuildFile section */

/* Begin PBXFileReference section */
		E77CE8A52AF8111B007CF3D1 /* NetworkService.swift */ = {isa = PBXFileReference; lastKnownFileType = sourcecode.swift; path = NetworkService.swift; sourceTree = "<group>"; };
		E77CE8A72AF81124007CF3D1 /* ErrorResponse.swift */ = {isa = PBXFileReference; lastKnownFileType = sourcecode.swift; path = ErrorResponse.swift; sourceTree = "<group>"; };
		E77CE8A92AF8113E007CF3D1 /* Router.swift */ = {isa = PBXFileReference; lastKnownFileType = sourcecode.swift; path = Router.swift; sourceTree = "<group>"; };
		E77CE8AB2AF81152007CF3D1 /* JobModelApi.swift */ = {isa = PBXFileReference; lastKnownFileType = sourcecode.swift; path = JobModelApi.swift; sourceTree = "<group>"; };
		E77CE8AD2AF8115A007CF3D1 /* JobModel.swift */ = {isa = PBXFileReference; lastKnownFileType = sourcecode.swift; path = JobModel.swift; sourceTree = "<group>"; };
		E77CE8B22AF8118C007CF3D1 /* Builder.swift */ = {isa = PBXFileReference; lastKnownFileType = sourcecode.swift; path = Builder.swift; sourceTree = "<group>"; };
		E77CE8B42AF8119D007CF3D1 /* JobViewController.swift */ = {isa = PBXFileReference; lastKnownFileType = sourcecode.swift; path = JobViewController.swift; sourceTree = "<group>"; };
		E77CE8B62AF811A5007CF3D1 /* JobCell.swift */ = {isa = PBXFileReference; lastKnownFileType = sourcecode.swift; path = JobCell.swift; sourceTree = "<group>"; };
		E77CE8B82AF811B9007CF3D1 /* JobPresenter.swift */ = {isa = PBXFileReference; lastKnownFileType = sourcecode.swift; path = JobPresenter.swift; sourceTree = "<group>"; };
		E77CE8BB2AF811DA007CF3D1 /* UIColor + Extensions.swift */ = {isa = PBXFileReference; lastKnownFileType = sourcecode.swift; path = "UIColor + Extensions.swift"; sourceTree = "<group>"; };
		E77CE8BD2AF811EA007CF3D1 /* Resources.swift */ = {isa = PBXFileReference; lastKnownFileType = sourcecode.swift; path = Resources.swift; sourceTree = "<group>"; };
		E7F547FB2AF02B7100238748 /* MyJob.app */ = {isa = PBXFileReference; explicitFileType = wrapper.application; includeInIndex = 0; path = MyJob.app; sourceTree = BUILT_PRODUCTS_DIR; };
		E7F547FE2AF02B7100238748 /* AppDelegate.swift */ = {isa = PBXFileReference; lastKnownFileType = sourcecode.swift; path = AppDelegate.swift; sourceTree = "<group>"; };
		E7F548002AF02B7100238748 /* SceneDelegate.swift */ = {isa = PBXFileReference; lastKnownFileType = sourcecode.swift; path = SceneDelegate.swift; sourceTree = "<group>"; };
		E7F548072AF02B7300238748 /* Assets.xcassets */ = {isa = PBXFileReference; lastKnownFileType = folder.assetcatalog; path = Assets.xcassets; sourceTree = "<group>"; };
		E7F5480A2AF02B7300238748 /* Base */ = {isa = PBXFileReference; lastKnownFileType = file.storyboard; name = Base; path = Base.lproj/LaunchScreen.storyboard; sourceTree = "<group>"; };
		E7F5480C2AF02B7300238748 /* Info.plist */ = {isa = PBXFileReference; lastKnownFileType = text.plist.xml; path = Info.plist; sourceTree = "<group>"; };
/* End PBXFileReference section */

/* Begin PBXFrameworksBuildPhase section */
		E7F547F82AF02B7100238748 /* Frameworks */ = {
			isa = PBXFrameworksBuildPhase;
			buildActionMask = 2147483647;
			files = (
			);
			runOnlyForDeploymentPostprocessing = 0;
		};
/* End PBXFrameworksBuildPhase section */

/* Begin PBXGroup section */
		E77CE8A02AF80FDC007CF3D1 /* NetworkService */ = {
			isa = PBXGroup;
			children = (
				E77CE8A52AF8111B007CF3D1 /* NetworkService.swift */,
				E77CE8A72AF81124007CF3D1 /* ErrorResponse.swift */,
			);
			path = NetworkService;
			sourceTree = "<group>";
		};
		E77CE8A12AF80FE6007CF3D1 /* Router */ = {
			isa = PBXGroup;
			children = (
				E77CE8A92AF8113E007CF3D1 /* Router.swift */,
			);
			path = Router;
			sourceTree = "<group>";
		};
		E77CE8A22AF80FEC007CF3D1 /* Model */ = {
			isa = PBXGroup;
			children = (
				E77CE8AB2AF81152007CF3D1 /* JobModelApi.swift */,
				E77CE8AD2AF8115A007CF3D1 /* JobModel.swift */,
			);
			path = Model;
			sourceTree = "<group>";
		};
		E77CE8A32AF80FF2007CF3D1 /* Helpers */ = {
			isa = PBXGroup;
			children = (
				E77CE8BA2AF811C8007CF3D1 /* UIKit */,
				E77CE8BD2AF811EA007CF3D1 /* Resources.swift */,
			);
			path = Helpers;
			sourceTree = "<group>";
		};
		E77CE8A42AF810A8007CF3D1 /* MainModule */ = {
			isa = PBXGroup;
			children = (
				E77CE8B12AF81179007CF3D1 /* Builder */,
				E77CE8B02AF81175007CF3D1 /* Main */,
				E77CE8AF2AF8116F007CF3D1 /* Presenter */,
			);
			path = MainModule;
			sourceTree = "<group>";
		};
		E77CE8AF2AF8116F007CF3D1 /* Presenter */ = {
			isa = PBXGroup;
			children = (
				E77CE8B82AF811B9007CF3D1 /* JobPresenter.swift */,
			);
			path = Presenter;
			sourceTree = "<group>";
		};
		E77CE8B02AF81175007CF3D1 /* Main */ = {
			isa = PBXGroup;
			children = (
				E77CE8B42AF8119D007CF3D1 /* JobViewController.swift */,
				E77CE8B62AF811A5007CF3D1 /* JobCell.swift */,
			);
			path = Main;
			sourceTree = "<group>";
		};
		E77CE8B12AF81179007CF3D1 /* Builder */ = {
			isa = PBXGroup;
			children = (
				E77CE8B22AF8118C007CF3D1 /* Builder.swift */,
			);
			path = Builder;
			sourceTree = "<group>";
		};
		E77CE8BA2AF811C8007CF3D1 /* UIKit */ = {
			isa = PBXGroup;
			children = (
				E77CE8BB2AF811DA007CF3D1 /* UIColor + Extensions.swift */,
			);
			path = UIKit;
			sourceTree = "<group>";
		};
		E7F547F22AF02B7100238748 = {
			isa = PBXGroup;
			children = (
				E7F547FD2AF02B7100238748 /* MyJob */,
				E7F547FC2AF02B7100238748 /* Products */,
			);
			sourceTree = "<group>";
		};
		E7F547FC2AF02B7100238748 /* Products */ = {
			isa = PBXGroup;
			children = (
				E7F547FB2AF02B7100238748 /* MyJob.app */,
			);
			name = Products;
			sourceTree = "<group>";
		};
		E7F547FD2AF02B7100238748 /* MyJob */ = {
			isa = PBXGroup;
			children = (
				E7F548122AF02C1300238748 /* Application */,
				E77CE8A02AF80FDC007CF3D1 /* NetworkService */,
				E77CE8A12AF80FE6007CF3D1 /* Router */,
				E77CE8A22AF80FEC007CF3D1 /* Model */,
				E77CE8A42AF810A8007CF3D1 /* MainModule */,
				E77CE8A32AF80FF2007CF3D1 /* Helpers */,
				E7F548132AF02C2100238748 /* Resources */,
			);
			path = MyJob;
			sourceTree = "<group>";
		};
		E7F548122AF02C1300238748 /* Application */ = {
			isa = PBXGroup;
			children = (
				E7F547FE2AF02B7100238748 /* AppDelegate.swift */,
				E7F548002AF02B7100238748 /* SceneDelegate.swift */,
			);
			path = Application;
			sourceTree = "<group>";
		};
		E7F548132AF02C2100238748 /* Resources */ = {
			isa = PBXGroup;
			children = (
				E7F548072AF02B7300238748 /* Assets.xcassets */,
				E7F548092AF02B7300238748 /* LaunchScreen.storyboard */,
				E7F5480C2AF02B7300238748 /* Info.plist */,
			);
			path = Resources;
			sourceTree = "<group>";
		};
/* End PBXGroup section */

/* Begin PBXNativeTarget section */
		E7F547FA2AF02B7100238748 /* MyJob */ = {
			isa = PBXNativeTarget;
			buildConfigurationList = E7F5480F2AF02B7300238748 /* Build configuration list for PBXNativeTarget "MyJob" */;
			buildPhases = (
				E7F547F72AF02B7100238748 /* Sources */,
				E7F547F82AF02B7100238748 /* Frameworks */,
				E7F547F92AF02B7100238748 /* Resources */,
			);
			buildRules = (
			);
			dependencies = (
			);
			name = MyJob;
			productName = MyJob;
			productReference = E7F547FB2AF02B7100238748 /* MyJob.app */;
			productType = "com.apple.product-type.application";
		};
/* End PBXNativeTarget section */

/* Begin PBXProject section */
		E7F547F32AF02B7100238748 /* Project object */ = {
			isa = PBXProject;
			attributes = {
				BuildIndependentTargetsInParallel = 1;
				LastSwiftUpdateCheck = 1500;
				LastUpgradeCheck = 1500;
				TargetAttributes = {
					E7F547FA2AF02B7100238748 = {
						CreatedOnToolsVersion = 15.0;
					};
				};
			};
			buildConfigurationList = E7F547F62AF02B7100238748 /* Build configuration list for PBXProject "MyJob" */;
			compatibilityVersion = "Xcode 14.0";
			developmentRegion = en;
			hasScannedForEncodings = 0;
			knownRegions = (
				en,
				Base,
			);
			mainGroup = E7F547F22AF02B7100238748;
			productRefGroup = E7F547FC2AF02B7100238748 /* Products */;
			projectDirPath = "";
			projectRoot = "";
			targets = (
				E7F547FA2AF02B7100238748 /* MyJob */,
			);
		};
/* End PBXProject section */

/* Begin PBXResourcesBuildPhase section */
		E7F547F92AF02B7100238748 /* Resources */ = {
			isa = PBXResourcesBuildPhase;
			buildActionMask = 2147483647;
			files = (
				E7F5480B2AF02B7300238748 /* LaunchScreen.storyboard in Resources */,
				E7F548082AF02B7300238748 /* Assets.xcassets in Resources */,
			);
			runOnlyForDeploymentPostprocessing = 0;
		};
/* End PBXResourcesBuildPhase section */

/* Begin PBXSourcesBuildPhase section */
		E7F547F72AF02B7100238748 /* Sources */ = {
			isa = PBXSourcesBuildPhase;
			buildActionMask = 2147483647;
			files = (
				E7F547FF2AF02B7100238748 /* AppDelegate.swift in Sources */,
				E77CE8B72AF811A5007CF3D1 /* JobCell.swift in Sources */,
				E77CE8A62AF8111B007CF3D1 /* NetworkService.swift in Sources */,
				E77CE8B52AF8119D007CF3D1 /* JobViewController.swift in Sources */,
				E77CE8AA2AF8113E007CF3D1 /* Router.swift in Sources */,
				E7F548012AF02B7100238748 /* SceneDelegate.swift in Sources */,
				E77CE8B92AF811B9007CF3D1 /* JobPresenter.swift in Sources */,
				E77CE8AC2AF81152007CF3D1 /* JobModelApi.swift in Sources */,
				E77CE8A82AF81124007CF3D1 /* ErrorResponse.swift in Sources */,
				E77CE8BC2AF811DA007CF3D1 /* UIColor + Extensions.swift in Sources */,
				E77CE8AE2AF8115A007CF3D1 /* JobModel.swift in Sources */,
				E77CE8B32AF8118C007CF3D1 /* Builder.swift in Sources */,
				E77CE8BE2AF811EA007CF3D1 /* Resources.swift in Sources */,
			);
			runOnlyForDeploymentPostprocessing = 0;
		};
/* End PBXSourcesBuildPhase section */

/* Begin PBXVariantGroup section */
		E7F548092AF02B7300238748 /* LaunchScreen.storyboard */ = {
			isa = PBXVariantGroup;
			children = (
				E7F5480A2AF02B7300238748 /* Base */,
			);
			name = LaunchScreen.storyboard;
			sourceTree = "<group>";
		};
/* End PBXVariantGroup section */

/* Begin XCBuildConfiguration section */
		E7F5480D2AF02B7300238748 /* Debug */ = {
			isa = XCBuildConfiguration;
			buildSettings = {
				ALWAYS_SEARCH_USER_PATHS = NO;
				ASSETCATALOG_COMPILER_GENERATE_SWIFT_ASSET_SYMBOL_EXTENSIONS = YES;
				CLANG_ANALYZER_NONNULL = YES;
				CLANG_ANALYZER_NUMBER_OBJECT_CONVERSION = YES_AGGRESSIVE;
				CLANG_CXX_LANGUAGE_STANDARD = "gnu++20";
				CLANG_ENABLE_MODULES = YES;
				CLANG_ENABLE_OBJC_ARC = YES;
				CLANG_ENABLE_OBJC_WEAK = YES;
				CLANG_WARN_BLOCK_CAPTURE_AUTORELEASING = YES;
				CLANG_WARN_BOOL_CONVERSION = YES;
				CLANG_WARN_COMMA = YES;
				CLANG_WARN_CONSTANT_CONVERSION = YES;
				CLANG_WARN_DEPRECATED_OBJC_IMPLEMENTATIONS = YES;
				CLANG_WARN_DIRECT_OBJC_ISA_USAGE = YES_ERROR;
				CLANG_WARN_DOCUMENTATION_COMMENTS = YES;
				CLANG_WARN_EMPTY_BODY = YES;
				CLANG_WARN_ENUM_CONVERSION = YES;
				CLANG_WARN_INFINITE_RECURSION = YES;
				CLANG_WARN_INT_CONVERSION = YES;
				CLANG_WARN_NON_LITERAL_NULL_CONVERSION = YES;
				CLANG_WARN_OBJC_IMPLICIT_RETAIN_SELF = YES;
				CLANG_WARN_OBJC_LITERAL_CONVERSION = YES;
				CLANG_WARN_OBJC_ROOT_CLASS = YES_ERROR;
				CLANG_WARN_QUOTED_INCLUDE_IN_FRAMEWORK_HEADER = YES;
				CLANG_WARN_RANGE_LOOP_ANALYSIS = YES;
				CLANG_WARN_STRICT_PROTOTYPES = YES;
				CLANG_WARN_SUSPICIOUS_MOVE = YES;
				CLANG_WARN_UNGUARDED_AVAILABILITY = YES_AGGRESSIVE;
				CLANG_WARN_UNREACHABLE_CODE = YES;
				CLANG_WARN__DUPLICATE_METHOD_MATCH = YES;
				COPY_PHASE_STRIP = NO;
				DEBUG_INFORMATION_FORMAT = dwarf;
				ENABLE_STRICT_OBJC_MSGSEND = YES;
				ENABLE_TESTABILITY = YES;
				ENABLE_USER_SCRIPT_SANDBOXING = YES;
				GCC_C_LANGUAGE_STANDARD = gnu17;
				GCC_DYNAMIC_NO_PIC = NO;
				GCC_NO_COMMON_BLOCKS = YES;
				GCC_OPTIMIZATION_LEVEL = 0;
				GCC_PREPROCESSOR_DEFINITIONS = (
					"DEBUG=1",
					"$(inherited)",
				);
				GCC_WARN_64_TO_32_BIT_CONVERSION = YES;
				GCC_WARN_ABOUT_RETURN_TYPE = YES_ERROR;
				GCC_WARN_UNDECLARED_SELECTOR = YES;
				GCC_WARN_UNINITIALIZED_AUTOS = YES_AGGRESSIVE;
				GCC_WARN_UNUSED_FUNCTION = YES;
				GCC_WARN_UNUSED_VARIABLE = YES;
				IPHONEOS_DEPLOYMENT_TARGET = 17.0;
				LOCALIZATION_PREFERS_STRING_CATALOGS = YES;
				MTL_ENABLE_DEBUG_INFO = INCLUDE_SOURCE;
				MTL_FAST_MATH = YES;
				ONLY_ACTIVE_ARCH = YES;
				SDKROOT = iphoneos;
				SWIFT_ACTIVE_COMPILATION_CONDITIONS = "DEBUG $(inherited)";
				SWIFT_OPTIMIZATION_LEVEL = "-Onone";
			};
			name = Debug;
		};
		E7F5480E2AF02B7300238748 /* Release */ = {
			isa = XCBuildConfiguration;
			buildSettings = {
				ALWAYS_SEARCH_USER_PATHS = NO;
				ASSETCATALOG_COMPILER_GENERATE_SWIFT_ASSET_SYMBOL_EXTENSIONS = YES;
				CLANG_ANALYZER_NONNULL = YES;
				CLANG_ANALYZER_NUMBER_OBJECT_CONVERSION = YES_AGGRESSIVE;
				CLANG_CXX_LANGUAGE_STANDARD = "gnu++20";
				CLANG_ENABLE_MODULES = YES;
				CLANG_ENABLE_OBJC_ARC = YES;
				CLANG_ENABLE_OBJC_WEAK = YES;
				CLANG_WARN_BLOCK_CAPTURE_AUTORELEASING = YES;
				CLANG_WARN_BOOL_CONVERSION = YES;
				CLANG_WARN_COMMA = YES;
				CLANG_WARN_CONSTANT_CONVERSION = YES;
				CLANG_WARN_DEPRECATED_OBJC_IMPLEMENTATIONS = YES;
				CLANG_WARN_DIRECT_OBJC_ISA_USAGE = YES_ERROR;
				CLANG_WARN_DOCUMENTATION_COMMENTS = YES;
				CLANG_WARN_EMPTY_BODY = YES;
				CLANG_WARN_ENUM_CONVERSION = YES;
				CLANG_WARN_INFINITE_RECURSION = YES;
				CLANG_WARN_INT_CONVERSION = YES;
				CLANG_WARN_NON_LITERAL_NULL_CONVERSION = YES;
				CLANG_WARN_OBJC_IMPLICIT_RETAIN_SELF = YES;
				CLANG_WARN_OBJC_LITERAL_CONVERSION = YES;
				CLANG_WARN_OBJC_ROOT_CLASS = YES_ERROR;
				CLANG_WARN_QUOTED_INCLUDE_IN_FRAMEWORK_HEADER = YES;
				CLANG_WARN_RANGE_LOOP_ANALYSIS = YES;
				CLANG_WARN_STRICT_PROTOTYPES = YES;
				CLANG_WARN_SUSPICIOUS_MOVE = YES;
				CLANG_WARN_UNGUARDED_AVAILABILITY = YES_AGGRESSIVE;
				CLANG_WARN_UNREACHABLE_CODE = YES;
				CLANG_WARN__DUPLICATE_METHOD_MATCH = YES;
				COPY_PHASE_STRIP = NO;
				DEBUG_INFORMATION_FORMAT = "dwarf-with-dsym";
				ENABLE_NS_ASSERTIONS = NO;
				ENABLE_STRICT_OBJC_MSGSEND = YES;
				ENABLE_USER_SCRIPT_SANDBOXING = YES;
				GCC_C_LANGUAGE_STANDARD = gnu17;
				GCC_NO_COMMON_BLOCKS = YES;
				GCC_WARN_64_TO_32_BIT_CONVERSION = YES;
				GCC_WARN_ABOUT_RETURN_TYPE = YES_ERROR;
				GCC_WARN_UNDECLARED_SELECTOR = YES;
				GCC_WARN_UNINITIALIZED_AUTOS = YES_AGGRESSIVE;
				GCC_WARN_UNUSED_FUNCTION = YES;
				GCC_WARN_UNUSED_VARIABLE = YES;
				IPHONEOS_DEPLOYMENT_TARGET = 17.0;
				LOCALIZATION_PREFERS_STRING_CATALOGS = YES;
				MTL_ENABLE_DEBUG_INFO = NO;
				MTL_FAST_MATH = YES;
				SDKROOT = iphoneos;
				SWIFT_COMPILATION_MODE = wholemodule;
				VALIDATE_PRODUCT = YES;
			};
			name = Release;
		};
		E7F548102AF02B7300238748 /* Debug */ = {
			isa = XCBuildConfiguration;
			buildSettings = {
				ASSETCATALOG_COMPILER_APPICON_NAME = AppIcon;
				ASSETCATALOG_COMPILER_GLOBAL_ACCENT_COLOR_NAME = AccentColor;
				CODE_SIGN_STYLE = Automatic;
				CURRENT_PROJECT_VERSION = 1;
				DEVELOPMENT_TEAM = ZFRPQ8YP88;
				GENERATE_INFOPLIST_FILE = YES;
				INFOPLIST_FILE = MyJob/Resources/Info.plist;
				INFOPLIST_KEY_UIApplicationSupportsIndirectInputEvents = YES;
				INFOPLIST_KEY_UILaunchStoryboardName = LaunchScreen;
				INFOPLIST_KEY_UISupportedInterfaceOrientations_iPad = "UIInterfaceOrientationPortrait UIInterfaceOrientationPortraitUpsideDown UIInterfaceOrientationLandscapeLeft UIInterfaceOrientationLandscapeRight";
				INFOPLIST_KEY_UISupportedInterfaceOrientations_iPhone = "UIInterfaceOrientationPortrait UIInterfaceOrientationLandscapeLeft UIInterfaceOrientationLandscapeRight";
				LD_RUNPATH_SEARCH_PATHS = (
					"$(inherited)",
					"@executable_path/Frameworks",
				);
				MARKETING_VERSION = 1.0;
				PRODUCT_BUNDLE_IDENTIFIER = com.philippzeppelin.MyJob;
				PRODUCT_NAME = "$(TARGET_NAME)";
				SWIFT_EMIT_LOC_STRINGS = YES;
				SWIFT_VERSION = 5.0;
				TARGETED_DEVICE_FAMILY = "1,2";
			};
			name = Debug;
		};
		E7F548112AF02B7300238748 /* Release */ = {
			isa = XCBuildConfiguration;
			buildSettings = {
				ASSETCATALOG_COMPILER_APPICON_NAME = AppIcon;
				ASSETCATALOG_COMPILER_GLOBAL_ACCENT_COLOR_NAME = AccentColor;
				CODE_SIGN_STYLE = Automatic;
				CURRENT_PROJECT_VERSION = 1;
				DEVELOPMENT_TEAM = ZFRPQ8YP88;
				GENERATE_INFOPLIST_FILE = YES;
				INFOPLIST_FILE = MyJob/Resources/Info.plist;
				INFOPLIST_KEY_UIApplicationSupportsIndirectInputEvents = YES;
				INFOPLIST_KEY_UILaunchStoryboardName = LaunchScreen;
				INFOPLIST_KEY_UISupportedInterfaceOrientations_iPad = "UIInterfaceOrientationPortrait UIInterfaceOrientationPortraitUpsideDown UIInterfaceOrientationLandscapeLeft UIInterfaceOrientationLandscapeRight";
				INFOPLIST_KEY_UISupportedInterfaceOrientations_iPhone = "UIInterfaceOrientationPortrait UIInterfaceOrientationLandscapeLeft UIInterfaceOrientationLandscapeRight";
				LD_RUNPATH_SEARCH_PATHS = (
					"$(inherited)",
					"@executable_path/Frameworks",
				);
				MARKETING_VERSION = 1.0;
				PRODUCT_BUNDLE_IDENTIFIER = com.philippzeppelin.MyJob;
				PRODUCT_NAME = "$(TARGET_NAME)";
				SWIFT_EMIT_LOC_STRINGS = YES;
				SWIFT_VERSION = 5.0;
				TARGETED_DEVICE_FAMILY = "1,2";
			};
			name = Release;
		};
/* End XCBuildConfiguration section */

/* Begin XCConfigurationList section */
		E7F547F62AF02B7100238748 /* Build configuration list for PBXProject "MyJob" */ = {
			isa = XCConfigurationList;
			buildConfigurations = (
				E7F5480D2AF02B7300238748 /* Debug */,
				E7F5480E2AF02B7300238748 /* Release */,
			);
			defaultConfigurationIsVisible = 0;
			defaultConfigurationName = Release;
		};
		E7F5480F2AF02B7300238748 /* Build configuration list for PBXNativeTarget "MyJob" */ = {
			isa = XCConfigurationList;
			buildConfigurations = (
				E7F548102AF02B7300238748 /* Debug */,
				E7F548112AF02B7300238748 /* Release */,
			);
			defaultConfigurationIsVisible = 0;
			defaultConfigurationName = Release;
		};
/* End XCConfigurationList section */
	};
	rootObject = E7F547F32AF02B7100238748 /* Project object */;
}
