// !$*UTF8*$!
{
	archiveVersion = 1;
	classes = {
	};
	objectVersion = 56;
	objects = {

/* Begin PBXBuildFile section */
		E774F2382AF0388E00C81D9F /* Router.swift in Sources */ = {isa = PBXBuildFile; fileRef = E774F2372AF0388E00C81D9F /* Router.swift */; };
<<<<<<< HEAD
		E774F23A2AF0451700C81D9F /* JobsModel.swift in Sources */ = {isa = PBXBuildFile; fileRef = E774F2392AF0451700C81D9F /* JobsModel.swift */; };
		E774F23C2AF17B4B00C81D9F /* JobsSection.swift in Sources */ = {isa = PBXBuildFile; fileRef = E774F23B2AF17B4B00C81D9F /* JobsSection.swift */; };
		E774F23E2AF1857600C81D9F /* JobCell.swift in Sources */ = {isa = PBXBuildFile; fileRef = E774F23D2AF1857600C81D9F /* JobCell.swift */; };
		E774F2422AF2D95600C81D9F /* Resources.swift in Sources */ = {isa = PBXBuildFile; fileRef = E774F2412AF2D95600C81D9F /* Resources.swift */; };
		E774F2442AF2D96900C81D9F /* UIColor + Extensions.swift in Sources */ = {isa = PBXBuildFile; fileRef = E774F2432AF2D96900C81D9F /* UIColor + Extensions.swift */; };
=======
		E774F23A2AF0451700C81D9F /* JobsModelApi.swift in Sources */ = {isa = PBXBuildFile; fileRef = E774F2392AF0451700C81D9F /* JobsModelApi.swift */; };
		E774F24E2AF4351100C81D9F /* ErrorResponce.swift in Sources */ = {isa = PBXBuildFile; fileRef = E774F24D2AF4351100C81D9F /* ErrorResponce.swift */; };
>>>>>>> 20db96c (Set fetching data into ui elements)
		E7F547FF2AF02B7100238748 /* AppDelegate.swift in Sources */ = {isa = PBXBuildFile; fileRef = E7F547FE2AF02B7100238748 /* AppDelegate.swift */; };
		E7F548012AF02B7100238748 /* SceneDelegate.swift in Sources */ = {isa = PBXBuildFile; fileRef = E7F548002AF02B7100238748 /* SceneDelegate.swift */; };
		E7F548032AF02B7100238748 /* JobsViewController.swift in Sources */ = {isa = PBXBuildFile; fileRef = E7F548022AF02B7100238748 /* JobsViewController.swift */; };
		E7F548082AF02B7300238748 /* Assets.xcassets in Resources */ = {isa = PBXBuildFile; fileRef = E7F548072AF02B7300238748 /* Assets.xcassets */; };
		E7F5480B2AF02B7300238748 /* LaunchScreen.storyboard in Resources */ = {isa = PBXBuildFile; fileRef = E7F548092AF02B7300238748 /* LaunchScreen.storyboard */; };
		E7F5481A2AF0321C00238748 /* MainAssembly.swift in Sources */ = {isa = PBXBuildFile; fileRef = E7F548192AF0321C00238748 /* MainAssembly.swift */; };
		E7F5481D2AF0370C00238748 /* NetworkService.swift in Sources */ = {isa = PBXBuildFile; fileRef = E7F5481C2AF0370C00238748 /* NetworkService.swift */; };
		E7F5481F2AF0374000238748 /* MainPresenter.swift in Sources */ = {isa = PBXBuildFile; fileRef = E7F5481E2AF0374000238748 /* MainPresenter.swift */; };
/* End PBXBuildFile section */

/* Begin PBXFileReference section */
		E774F2372AF0388E00C81D9F /* Router.swift */ = {isa = PBXFileReference; lastKnownFileType = sourcecode.swift; path = Router.swift; sourceTree = "<group>"; };
<<<<<<< HEAD
		E774F2392AF0451700C81D9F /* JobsModel.swift */ = {isa = PBXFileReference; lastKnownFileType = sourcecode.swift; path = JobsModel.swift; sourceTree = "<group>"; };
		E774F23B2AF17B4B00C81D9F /* JobsSection.swift */ = {isa = PBXFileReference; lastKnownFileType = sourcecode.swift; path = JobsSection.swift; sourceTree = "<group>"; };
		E774F23D2AF1857600C81D9F /* JobCell.swift */ = {isa = PBXFileReference; lastKnownFileType = sourcecode.swift; path = JobCell.swift; sourceTree = "<group>"; };
		E774F2412AF2D95600C81D9F /* Resources.swift */ = {isa = PBXFileReference; lastKnownFileType = sourcecode.swift; path = Resources.swift; sourceTree = "<group>"; };
		E774F2432AF2D96900C81D9F /* UIColor + Extensions.swift */ = {isa = PBXFileReference; lastKnownFileType = sourcecode.swift; path = "UIColor + Extensions.swift"; sourceTree = "<group>"; };
=======
		E774F2392AF0451700C81D9F /* JobsModelApi.swift */ = {isa = PBXFileReference; lastKnownFileType = sourcecode.swift; path = JobsModelApi.swift; sourceTree = "<group>"; };
		E774F24D2AF4351100C81D9F /* ErrorResponce.swift */ = {isa = PBXFileReference; lastKnownFileType = sourcecode.swift; path = ErrorResponce.swift; sourceTree = "<group>"; };
>>>>>>> 20db96c (Set fetching data into ui elements)
		E7F547FB2AF02B7100238748 /* MyJob.app */ = {isa = PBXFileReference; explicitFileType = wrapper.application; includeInIndex = 0; path = MyJob.app; sourceTree = BUILT_PRODUCTS_DIR; };
		E7F547FE2AF02B7100238748 /* AppDelegate.swift */ = {isa = PBXFileReference; lastKnownFileType = sourcecode.swift; path = AppDelegate.swift; sourceTree = "<group>"; };
		E7F548002AF02B7100238748 /* SceneDelegate.swift */ = {isa = PBXFileReference; lastKnownFileType = sourcecode.swift; path = SceneDelegate.swift; sourceTree = "<group>"; };
		E7F548022AF02B7100238748 /* JobsViewController.swift */ = {isa = PBXFileReference; lastKnownFileType = sourcecode.swift; path = JobsViewController.swift; sourceTree = "<group>"; };
		E7F548072AF02B7300238748 /* Assets.xcassets */ = {isa = PBXFileReference; lastKnownFileType = folder.assetcatalog; path = Assets.xcassets; sourceTree = "<group>"; };
		E7F5480A2AF02B7300238748 /* Base */ = {isa = PBXFileReference; lastKnownFileType = file.storyboard; name = Base; path = Base.lproj/LaunchScreen.storyboard; sourceTree = "<group>"; };
		E7F5480C2AF02B7300238748 /* Info.plist */ = {isa = PBXFileReference; lastKnownFileType = text.plist.xml; path = Info.plist; sourceTree = "<group>"; };
		E7F548192AF0321C00238748 /* MainAssembly.swift */ = {isa = PBXFileReference; lastKnownFileType = sourcecode.swift; path = MainAssembly.swift; sourceTree = "<group>"; };
		E7F5481C2AF0370C00238748 /* NetworkService.swift */ = {isa = PBXFileReference; lastKnownFileType = sourcecode.swift; path = NetworkService.swift; sourceTree = "<group>"; };
		E7F5481E2AF0374000238748 /* MainPresenter.swift */ = {isa = PBXFileReference; lastKnownFileType = sourcecode.swift; path = MainPresenter.swift; sourceTree = "<group>"; };
/* End PBXFileReference section */

/* Begin PBXFrameworksBuildPhase section */
		E7F547F82AF02B7100238748 /* Frameworks */ = {
			isa = PBXFrameworksBuildPhase;
			buildActionMask = 2147483647;
			files = (
			);
			runOnlyForDeploymentPostprocessing = 0;
		};
/* End PBXFrameworksBuildPhase section */

/* Begin PBXGroup section */
		E774F2362AF0387F00C81D9F /* Router */ = {
			isa = PBXGroup;
			children = (
				E774F2372AF0388E00C81D9F /* Router.swift */,
			);
			path = Router;
			sourceTree = "<group>";
		};
<<<<<<< HEAD
		E774F23F2AF2D93B00C81D9F /* Helpers */ = {
			isa = PBXGroup;
			children = (
				E774F2402AF2D94800C81D9F /* UIKit */,
				E774F2412AF2D95600C81D9F /* Resources.swift */,
			);
			path = Helpers;
			sourceTree = "<group>";
		};
		E774F2402AF2D94800C81D9F /* UIKit */ = {
			isa = PBXGroup;
			children = (
				E774F2432AF2D96900C81D9F /* UIColor + Extensions.swift */,
			);
			path = UIKit;
			sourceTree = "<group>";
		};
=======
>>>>>>> 20db96c (Set fetching data into ui elements)
		E7F547F22AF02B7100238748 = {
			isa = PBXGroup;
			children = (
				E7F547FD2AF02B7100238748 /* MyJob */,
				E7F547FC2AF02B7100238748 /* Products */,
			);
			sourceTree = "<group>";
		};
		E7F547FC2AF02B7100238748 /* Products */ = {
			isa = PBXGroup;
			children = (
				E7F547FB2AF02B7100238748 /* MyJob.app */,
			);
			name = Products;
			sourceTree = "<group>";
		};
		E7F547FD2AF02B7100238748 /* MyJob */ = {
			isa = PBXGroup;
			children = (
				E7F548122AF02C1300238748 /* Application */,
				E7F5481B2AF036FD00238748 /* NetworkService */,
				E774F2362AF0387F00C81D9F /* Router */,
				E7F548162AF031EF00238748 /* Model */,
				E7F548142AF031D300238748 /* MainModule */,
				E774F23F2AF2D93B00C81D9F /* Helpers */,
				E7F548132AF02C2100238748 /* Resources */,
			);
			path = MyJob;
			sourceTree = "<group>";
		};
		E7F548122AF02C1300238748 /* Application */ = {
			isa = PBXGroup;
			children = (
				E7F547FE2AF02B7100238748 /* AppDelegate.swift */,
				E7F548002AF02B7100238748 /* SceneDelegate.swift */,
			);
			path = Application;
			sourceTree = "<group>";
		};
		E7F548132AF02C2100238748 /* Resources */ = {
			isa = PBXGroup;
			children = (
				E7F548072AF02B7300238748 /* Assets.xcassets */,
				E7F548092AF02B7300238748 /* LaunchScreen.storyboard */,
				E7F5480C2AF02B7300238748 /* Info.plist */,
			);
			path = Resources;
			sourceTree = "<group>";
		};
		E7F548142AF031D300238748 /* MainModule */ = {
			isa = PBXGroup;
			children = (
				E7F548152AF031E900238748 /* Builder */,
				E7F548172AF031F600238748 /* View */,
				E7F548182AF031FC00238748 /* Presenter */,
			);
			path = MainModule;
			sourceTree = "<group>";
		};
		E7F548152AF031E900238748 /* Builder */ = {
			isa = PBXGroup;
			children = (
				E7F548192AF0321C00238748 /* MainAssembly.swift */,
			);
			path = Builder;
			sourceTree = "<group>";
		};
		E7F548162AF031EF00238748 /* Model */ = {
			isa = PBXGroup;
			children = (
				E774F2392AF0451700C81D9F /* JobsModel.swift */,
				E774F23B2AF17B4B00C81D9F /* JobsSection.swift */,
			);
			path = Model;
			sourceTree = "<group>";
		};
		E7F548172AF031F600238748 /* View */ = {
			isa = PBXGroup;
			children = (
				E7F548022AF02B7100238748 /* JobsViewController.swift */,
				E774F23D2AF1857600C81D9F /* JobCell.swift */,
			);
			path = View;
			sourceTree = "<group>";
		};
		E7F548182AF031FC00238748 /* Presenter */ = {
			isa = PBXGroup;
			children = (
				E7F5481E2AF0374000238748 /* MainPresenter.swift */,
			);
			path = Presenter;
			sourceTree = "<group>";
		};
		E7F5481B2AF036FD00238748 /* NetworkService */ = {
			isa = PBXGroup;
			children = (
				E7F5481C2AF0370C00238748 /* NetworkService.swift */,
				E774F24D2AF4351100C81D9F /* ErrorResponce.swift */,
			);
			path = NetworkService;
			sourceTree = "<group>";
		};
/* End PBXGroup section */

/* Begin PBXNativeTarget section */
		E7F547FA2AF02B7100238748 /* MyJob */ = {
			isa = PBXNativeTarget;
			buildConfigurationList = E7F5480F2AF02B7300238748 /* Build configuration list for PBXNativeTarget "MyJob" */;
			buildPhases = (
				E7F547F72AF02B7100238748 /* Sources */,
				E7F547F82AF02B7100238748 /* Frameworks */,
				E7F547F92AF02B7100238748 /* Resources */,
			);
			buildRules = (
			);
			dependencies = (
			);
			name = MyJob;
			productName = MyJob;
			productReference = E7F547FB2AF02B7100238748 /* MyJob.app */;
			productType = "com.apple.product-type.application";
		};
/* End PBXNativeTarget section */

/* Begin PBXProject section */
		E7F547F32AF02B7100238748 /* Project object */ = {
			isa = PBXProject;
			attributes = {
				BuildIndependentTargetsInParallel = 1;
				LastSwiftUpdateCheck = 1500;
				LastUpgradeCheck = 1500;
				TargetAttributes = {
					E7F547FA2AF02B7100238748 = {
						CreatedOnToolsVersion = 15.0;
					};
				};
			};
			buildConfigurationList = E7F547F62AF02B7100238748 /* Build configuration list for PBXProject "MyJob" */;
			compatibilityVersion = "Xcode 14.0";
			developmentRegion = en;
			hasScannedForEncodings = 0;
			knownRegions = (
				en,
				Base,
			);
			mainGroup = E7F547F22AF02B7100238748;
			productRefGroup = E7F547FC2AF02B7100238748 /* Products */;
			projectDirPath = "";
			projectRoot = "";
			targets = (
				E7F547FA2AF02B7100238748 /* MyJob */,
			);
		};
/* End PBXProject section */

/* Begin PBXResourcesBuildPhase section */
		E7F547F92AF02B7100238748 /* Resources */ = {
			isa = PBXResourcesBuildPhase;
			buildActionMask = 2147483647;
			files = (
				E7F5480B2AF02B7300238748 /* LaunchScreen.storyboard in Resources */,
				E7F548082AF02B7300238748 /* Assets.xcassets in Resources */,
			);
			runOnlyForDeploymentPostprocessing = 0;
		};
/* End PBXResourcesBuildPhase section */

/* Begin PBXSourcesBuildPhase section */
		E7F547F72AF02B7100238748 /* Sources */ = {
			isa = PBXSourcesBuildPhase;
			buildActionMask = 2147483647;
			files = (
<<<<<<< HEAD
				E774F23C2AF17B4B00C81D9F /* JobsSection.swift in Sources */,
				E774F23E2AF1857600C81D9F /* JobCell.swift in Sources */,
				E7F5481D2AF0370C00238748 /* NetworkService.swift in Sources */,
				E774F23A2AF0451700C81D9F /* JobsModel.swift in Sources */,
				E7F5481F2AF0374000238748 /* MainPresenter.swift in Sources */,
				E7F548032AF02B7100238748 /* JobsViewController.swift in Sources */,
=======
				E7F5481D2AF0370C00238748 /* NetworkService.swift in Sources */,
				E774F23A2AF0451700C81D9F /* JobsModelApi.swift in Sources */,
				E7F587D32AF5696600D6ECCA /* Resources.swift in Sources */,
				E7F5481F2AF0374000238748 /* JobPresenter.swift in Sources */,
				E7F587CD2AF5683000D6ECCA /* JobCell.swift in Sources */,
>>>>>>> 20db96c (Set fetching data into ui elements)
				E774F2382AF0388E00C81D9F /* Router.swift in Sources */,
				E7F5481A2AF0321C00238748 /* MainAssembly.swift in Sources */,
				E774F2422AF2D95600C81D9F /* Resources.swift in Sources */,
				E774F2442AF2D96900C81D9F /* UIColor + Extensions.swift in Sources */,
				E7F547FF2AF02B7100238748 /* AppDelegate.swift in Sources */,
				E7F548012AF02B7100238748 /* SceneDelegate.swift in Sources */,
<<<<<<< HEAD
=======
				E774F24E2AF4351100C81D9F /* ErrorResponce.swift in Sources */,
				E7F587D52AF7B97100D6ECCA /* JobsModel.swift in Sources */,
>>>>>>> 20db96c (Set fetching data into ui elements)
			);
			runOnlyForDeploymentPostprocessing = 0;
		};
/* End PBXSourcesBuildPhase section */

/* Begin PBXVariantGroup section */
		E7F548092AF02B7300238748 /* LaunchScreen.storyboard */ = {
			isa = PBXVariantGroup;
			children = (
				E7F5480A2AF02B7300238748 /* Base */,
			);
			name = LaunchScreen.storyboard;
			sourceTree = "<group>";
		};
/* End PBXVariantGroup section */

/* Begin XCBuildConfiguration section */
		E7F5480D2AF02B7300238748 /* Debug */ = {
			isa = XCBuildConfiguration;
			buildSettings = {
				ALWAYS_SEARCH_USER_PATHS = NO;
				ASSETCATALOG_COMPILER_GENERATE_SWIFT_ASSET_SYMBOL_EXTENSIONS = YES;
				CLANG_ANALYZER_NONNULL = YES;
				CLANG_ANALYZER_NUMBER_OBJECT_CONVERSION = YES_AGGRESSIVE;
				CLANG_CXX_LANGUAGE_STANDARD = "gnu++20";
				CLANG_ENABLE_MODULES = YES;
				CLANG_ENABLE_OBJC_ARC = YES;
				CLANG_ENABLE_OBJC_WEAK = YES;
				CLANG_WARN_BLOCK_CAPTURE_AUTORELEASING = YES;
				CLANG_WARN_BOOL_CONVERSION = YES;
				CLANG_WARN_COMMA = YES;
				CLANG_WARN_CONSTANT_CONVERSION = YES;
				CLANG_WARN_DEPRECATED_OBJC_IMPLEMENTATIONS = YES;
				CLANG_WARN_DIRECT_OBJC_ISA_USAGE = YES_ERROR;
				CLANG_WARN_DOCUMENTATION_COMMENTS = YES;
				CLANG_WARN_EMPTY_BODY = YES;
				CLANG_WARN_ENUM_CONVERSION = YES;
				CLANG_WARN_INFINITE_RECURSION = YES;
				CLANG_WARN_INT_CONVERSION = YES;
				CLANG_WARN_NON_LITERAL_NULL_CONVERSION = YES;
				CLANG_WARN_OBJC_IMPLICIT_RETAIN_SELF = YES;
				CLANG_WARN_OBJC_LITERAL_CONVERSION = YES;
				CLANG_WARN_OBJC_ROOT_CLASS = YES_ERROR;
				CLANG_WARN_QUOTED_INCLUDE_IN_FRAMEWORK_HEADER = YES;
				CLANG_WARN_RANGE_LOOP_ANALYSIS = YES;
				CLANG_WARN_STRICT_PROTOTYPES = YES;
				CLANG_WARN_SUSPICIOUS_MOVE = YES;
				CLANG_WARN_UNGUARDED_AVAILABILITY = YES_AGGRESSIVE;
				CLANG_WARN_UNREACHABLE_CODE = YES;
				CLANG_WARN__DUPLICATE_METHOD_MATCH = YES;
				COPY_PHASE_STRIP = NO;
				DEBUG_INFORMATION_FORMAT = dwarf;
				ENABLE_STRICT_OBJC_MSGSEND = YES;
				ENABLE_TESTABILITY = YES;
				ENABLE_USER_SCRIPT_SANDBOXING = YES;
				GCC_C_LANGUAGE_STANDARD = gnu17;
				GCC_DYNAMIC_NO_PIC = NO;
				GCC_NO_COMMON_BLOCKS = YES;
				GCC_OPTIMIZATION_LEVEL = 0;
				GCC_PREPROCESSOR_DEFINITIONS = (
					"DEBUG=1",
					"$(inherited)",
				);
				GCC_WARN_64_TO_32_BIT_CONVERSION = YES;
				GCC_WARN_ABOUT_RETURN_TYPE = YES_ERROR;
				GCC_WARN_UNDECLARED_SELECTOR = YES;
				GCC_WARN_UNINITIALIZED_AUTOS = YES_AGGRESSIVE;
				GCC_WARN_UNUSED_FUNCTION = YES;
				GCC_WARN_UNUSED_VARIABLE = YES;
				IPHONEOS_DEPLOYMENT_TARGET = 15.0;
				LOCALIZATION_PREFERS_STRING_CATALOGS = YES;
				MTL_ENABLE_DEBUG_INFO = INCLUDE_SOURCE;
				MTL_FAST_MATH = YES;
				ONLY_ACTIVE_ARCH = YES;
				SDKROOT = iphoneos;
				SWIFT_ACTIVE_COMPILATION_CONDITIONS = "DEBUG $(inherited)";
				SWIFT_OPTIMIZATION_LEVEL = "-Onone";
			};
			name = Debug;
		};
		E7F5480E2AF02B7300238748 /* Release */ = {
			isa = XCBuildConfiguration;
			buildSettings = {
				ALWAYS_SEARCH_USER_PATHS = NO;
				ASSETCATALOG_COMPILER_GENERATE_SWIFT_ASSET_SYMBOL_EXTENSIONS = YES;
				CLANG_ANALYZER_NONNULL = YES;
				CLANG_ANALYZER_NUMBER_OBJECT_CONVERSION = YES_AGGRESSIVE;
				CLANG_CXX_LANGUAGE_STANDARD = "gnu++20";
				CLANG_ENABLE_MODULES = YES;
				CLANG_ENABLE_OBJC_ARC = YES;
				CLANG_ENABLE_OBJC_WEAK = YES;
				CLANG_WARN_BLOCK_CAPTURE_AUTORELEASING = YES;
				CLANG_WARN_BOOL_CONVERSION = YES;
				CLANG_WARN_COMMA = YES;
				CLANG_WARN_CONSTANT_CONVERSION = YES;
				CLANG_WARN_DEPRECATED_OBJC_IMPLEMENTATIONS = YES;
				CLANG_WARN_DIRECT_OBJC_ISA_USAGE = YES_ERROR;
				CLANG_WARN_DOCUMENTATION_COMMENTS = YES;
				CLANG_WARN_EMPTY_BODY = YES;
				CLANG_WARN_ENUM_CONVERSION = YES;
				CLANG_WARN_INFINITE_RECURSION = YES;
				CLANG_WARN_INT_CONVERSION = YES;
				CLANG_WARN_NON_LITERAL_NULL_CONVERSION = YES;
				CLANG_WARN_OBJC_IMPLICIT_RETAIN_SELF = YES;
				CLANG_WARN_OBJC_LITERAL_CONVERSION = YES;
				CLANG_WARN_OBJC_ROOT_CLASS = YES_ERROR;
				CLANG_WARN_QUOTED_INCLUDE_IN_FRAMEWORK_HEADER = YES;
				CLANG_WARN_RANGE_LOOP_ANALYSIS = YES;
				CLANG_WARN_STRICT_PROTOTYPES = YES;
				CLANG_WARN_SUSPICIOUS_MOVE = YES;
				CLANG_WARN_UNGUARDED_AVAILABILITY = YES_AGGRESSIVE;
				CLANG_WARN_UNREACHABLE_CODE = YES;
				CLANG_WARN__DUPLICATE_METHOD_MATCH = YES;
				COPY_PHASE_STRIP = NO;
				DEBUG_INFORMATION_FORMAT = "dwarf-with-dsym";
				ENABLE_NS_ASSERTIONS = NO;
				ENABLE_STRICT_OBJC_MSGSEND = YES;
				ENABLE_USER_SCRIPT_SANDBOXING = YES;
				GCC_C_LANGUAGE_STANDARD = gnu17;
				GCC_NO_COMMON_BLOCKS = YES;
				GCC_WARN_64_TO_32_BIT_CONVERSION = YES;
				GCC_WARN_ABOUT_RETURN_TYPE = YES_ERROR;
				GCC_WARN_UNDECLARED_SELECTOR = YES;
				GCC_WARN_UNINITIALIZED_AUTOS = YES_AGGRESSIVE;
				GCC_WARN_UNUSED_FUNCTION = YES;
				GCC_WARN_UNUSED_VARIABLE = YES;
				IPHONEOS_DEPLOYMENT_TARGET = 15.0;
				LOCALIZATION_PREFERS_STRING_CATALOGS = YES;
				MTL_ENABLE_DEBUG_INFO = NO;
				MTL_FAST_MATH = YES;
				SDKROOT = iphoneos;
				SWIFT_COMPILATION_MODE = wholemodule;
				VALIDATE_PRODUCT = YES;
			};
			name = Release;
		};
		E7F548102AF02B7300238748 /* Debug */ = {
			isa = XCBuildConfiguration;
			buildSettings = {
				ASSETCATALOG_COMPILER_APPICON_NAME = AppIcon;
				ASSETCATALOG_COMPILER_GLOBAL_ACCENT_COLOR_NAME = AccentColor;
				CODE_SIGN_STYLE = Automatic;
				CURRENT_PROJECT_VERSION = 1;
				DEVELOPMENT_TEAM = ZFRPQ8YP88;
				GENERATE_INFOPLIST_FILE = YES;
				INFOPLIST_FILE = MyJob/Resources/Info.plist;
				INFOPLIST_KEY_UIApplicationSupportsIndirectInputEvents = YES;
				INFOPLIST_KEY_UILaunchStoryboardName = LaunchScreen;
				INFOPLIST_KEY_UISupportedInterfaceOrientations_iPad = "UIInterfaceOrientationPortrait UIInterfaceOrientationPortraitUpsideDown UIInterfaceOrientationLandscapeLeft UIInterfaceOrientationLandscapeRight";
				INFOPLIST_KEY_UISupportedInterfaceOrientations_iPhone = "UIInterfaceOrientationPortrait UIInterfaceOrientationLandscapeLeft UIInterfaceOrientationLandscapeRight";
				LD_RUNPATH_SEARCH_PATHS = (
					"$(inherited)",
					"@executable_path/Frameworks",
				);
				MARKETING_VERSION = 1.0;
				PRODUCT_BUNDLE_IDENTIFIER = com.philippzeppelin.MyJob;
				PRODUCT_NAME = "$(TARGET_NAME)";
				SWIFT_EMIT_LOC_STRINGS = YES;
				SWIFT_VERSION = 5.0;
				TARGETED_DEVICE_FAMILY = "1,2";
			};
			name = Debug;
		};
		E7F548112AF02B7300238748 /* Release */ = {
			isa = XCBuildConfiguration;
			buildSettings = {
				ASSETCATALOG_COMPILER_APPICON_NAME = AppIcon;
				ASSETCATALOG_COMPILER_GLOBAL_ACCENT_COLOR_NAME = AccentColor;
				CODE_SIGN_STYLE = Automatic;
				CURRENT_PROJECT_VERSION = 1;
				DEVELOPMENT_TEAM = ZFRPQ8YP88;
				GENERATE_INFOPLIST_FILE = YES;
				INFOPLIST_FILE = MyJob/Resources/Info.plist;
				INFOPLIST_KEY_UIApplicationSupportsIndirectInputEvents = YES;
				INFOPLIST_KEY_UILaunchStoryboardName = LaunchScreen;
				INFOPLIST_KEY_UISupportedInterfaceOrientations_iPad = "UIInterfaceOrientationPortrait UIInterfaceOrientationPortraitUpsideDown UIInterfaceOrientationLandscapeLeft UIInterfaceOrientationLandscapeRight";
				INFOPLIST_KEY_UISupportedInterfaceOrientations_iPhone = "UIInterfaceOrientationPortrait UIInterfaceOrientationLandscapeLeft UIInterfaceOrientationLandscapeRight";
				LD_RUNPATH_SEARCH_PATHS = (
					"$(inherited)",
					"@executable_path/Frameworks",
				);
				MARKETING_VERSION = 1.0;
				PRODUCT_BUNDLE_IDENTIFIER = com.philippzeppelin.MyJob;
				PRODUCT_NAME = "$(TARGET_NAME)";
				SWIFT_EMIT_LOC_STRINGS = YES;
				SWIFT_VERSION = 5.0;
				TARGETED_DEVICE_FAMILY = "1,2";
			};
			name = Release;
		};
/* End XCBuildConfiguration section */

/* Begin XCConfigurationList section */
		E7F547F62AF02B7100238748 /* Build configuration list for PBXProject "MyJob" */ = {
			isa = XCConfigurationList;
			buildConfigurations = (
				E7F5480D2AF02B7300238748 /* Debug */,
				E7F5480E2AF02B7300238748 /* Release */,
			);
			defaultConfigurationIsVisible = 0;
			defaultConfigurationName = Release;
		};
		E7F5480F2AF02B7300238748 /* Build configuration list for PBXNativeTarget "MyJob" */ = {
			isa = XCConfigurationList;
			buildConfigurations = (
				E7F548102AF02B7300238748 /* Debug */,
				E7F548112AF02B7300238748 /* Release */,
			);
			defaultConfigurationIsVisible = 0;
			defaultConfigurationName = Release;
		};
/* End XCConfigurationList section */
	};
	rootObject = E7F547F32AF02B7100238748 /* Project object */;
}
